
Microsoft Visual Studio Solution File, Format Version 12.00
# Visual Studio Version 17
VisualStudioVersion = 17.0.31903.59
MinimumVisualStudioVersion = 10.0.40219.1
Project("{2150E333-8FDC-42A3-9474-1A3956D46DE8}") = "src", "src", "{827E0CD3-B72D-47B6-A68D-7590B98EB39B}"
EndProject
Project("{FAE04EC0-301F-11D3-BF4B-00C04F79EFBC}") = "MemoryIndexer", "src\MemoryIndexer\MemoryIndexer.csproj", "{9B487CCA-E00D-4875-8198-1B67E4F60EAF}"
EndProject
Project("{FAE04EC0-301F-11D3-BF4B-00C04F79EFBC}") = "MemoryIndexer.Sdk", "src\MemoryIndexer.Sdk\MemoryIndexer.Sdk.csproj", "{F60D4A2E-4AA1-42A3-BFF8-D7066304DAB1}"
EndProject
Project("{2150E333-8FDC-42A3-9474-1A3956D46DE8}") = "tools", "tools", "{07C2787E-EAC7-C090-1BA3-A61EC2A24D84}"
EndProject
Project("{FAE04EC0-301F-11D3-BF4B-00C04F79EFBC}") = "McpServer", "tools\McpServer\McpServer.csproj", "{4CEDB847-B20F-43F4-9A50-D4E825FE4683}"
EndProject
Project("{2150E333-8FDC-42A3-9474-1A3956D46DE8}") = "tests", "tests", "{0AB3BF05-4346-4AA6-1389-037BE0695223}"
EndProject
Project("{FAE04EC0-301F-11D3-BF4B-00C04F79EFBC}") = "MemoryIndexer.Tests", "tests\MemoryIndexer.Tests\MemoryIndexer.Tests.csproj", "{0E290266-F983-4472-BCEB-B063D41243FC}"
EndProject
Project("{FAE04EC0-301F-11D3-BF4B-00C04F79EFBC}") = "MemoryIndexer.Sdk.Tests", "tests\MemoryIndexer.Sdk.Tests\MemoryIndexer.Sdk.Tests.csproj", "{9CBECA24-B01E-4178-A0EE-C60B282E2E00}"
EndProject
Project("{2150E333-8FDC-42A3-9474-1A3956D46DE8}") = "samples", "samples", "{5D20AA90-6969-D8BD-9DCD-8634F4692FDA}"
EndProject
Project("{FAE04EC0-301F-11D3-BF4B-00C04F79EFBC}") = "ConsoleClient", "samples\ConsoleClient\ConsoleClient.csproj", "{2792C38A-C537-45D6-BA16-8AACE82BFD0C}"
EndProject
Project("{FAE04EC0-301F-11D3-BF4B-00C04F79EFBC}") = "TwentyQuestionsGame", "samples\TwentyQuestionsGame\TwentyQuestionsGame.csproj", "{039A6FDA-B117-4492-B8F5-D3CC6627AC8D}"
EndProject
Project("{FAE04EC0-301F-11D3-BF4B-00C04F79EFBC}") = "MemoryChatApp", "samples\MemoryChatApp\MemoryChatApp.csproj", "{9D8947B0-0641-4954-A9BE-C4C005B8A74F}"
EndProject
Global
	GlobalSection(SolutionConfigurationPlatforms) = preSolution
		Debug|Any CPU = Debug|Any CPU
		Debug|x64 = Debug|x64
		Debug|x86 = Debug|x86
		Release|Any CPU = Release|Any CPU
		Release|x64 = Release|x64
		Release|x86 = Release|x86
	EndGlobalSection
	GlobalSection(ProjectConfigurationPlatforms) = postSolution
		{9B487CCA-E00D-4875-8198-1B67E4F60EAF}.Debug|Any CPU.ActiveCfg = Debug|Any CPU
		{9B487CCA-E00D-4875-8198-1B67E4F60EAF}.Debug|Any CPU.Build.0 = Debug|Any CPU
		{9B487CCA-E00D-4875-8198-1B67E4F60EAF}.Debug|x64.ActiveCfg = Debug|Any CPU
		{9B487CCA-E00D-4875-8198-1B67E4F60EAF}.Debug|x64.Build.0 = Debug|Any CPU
		{9B487CCA-E00D-4875-8198-1B67E4F60EAF}.Debug|x86.ActiveCfg = Debug|Any CPU
		{9B487CCA-E00D-4875-8198-1B67E4F60EAF}.Debug|x86.Build.0 = Debug|Any CPU
		{9B487CCA-E00D-4875-8198-1B67E4F60EAF}.Release|Any CPU.ActiveCfg = Release|Any CPU
		{9B487CCA-E00D-4875-8198-1B67E4F60EAF}.Release|Any CPU.Build.0 = Release|Any CPU
		{9B487CCA-E00D-4875-8198-1B67E4F60EAF}.Release|x64.ActiveCfg = Release|Any CPU
		{9B487CCA-E00D-4875-8198-1B67E4F60EAF}.Release|x64.Build.0 = Release|Any CPU
		{9B487CCA-E00D-4875-8198-1B67E4F60EAF}.Release|x86.ActiveCfg = Release|Any CPU
		{9B487CCA-E00D-4875-8198-1B67E4F60EAF}.Release|x86.Build.0 = Release|Any CPU
		{F60D4A2E-4AA1-42A3-BFF8-D7066304DAB1}.Debug|Any CPU.ActiveCfg = Debug|Any CPU
		{F60D4A2E-4AA1-42A3-BFF8-D7066304DAB1}.Debug|Any CPU.Build.0 = Debug|Any CPU
		{F60D4A2E-4AA1-42A3-BFF8-D7066304DAB1}.Debug|x64.ActiveCfg = Debug|Any CPU
		{F60D4A2E-4AA1-42A3-BFF8-D7066304DAB1}.Debug|x64.Build.0 = Debug|Any CPU
		{F60D4A2E-4AA1-42A3-BFF8-D7066304DAB1}.Debug|x86.ActiveCfg = Debug|Any CPU
		{F60D4A2E-4AA1-42A3-BFF8-D7066304DAB1}.Debug|x86.Build.0 = Debug|Any CPU
		{F60D4A2E-4AA1-42A3-BFF8-D7066304DAB1}.Release|Any CPU.ActiveCfg = Release|Any CPU
		{F60D4A2E-4AA1-42A3-BFF8-D7066304DAB1}.Release|Any CPU.Build.0 = Release|Any CPU
		{F60D4A2E-4AA1-42A3-BFF8-D7066304DAB1}.Release|x64.ActiveCfg = Release|Any CPU
		{F60D4A2E-4AA1-42A3-BFF8-D7066304DAB1}.Release|x64.Build.0 = Release|Any CPU
		{F60D4A2E-4AA1-42A3-BFF8-D7066304DAB1}.Release|x86.ActiveCfg = Release|Any CPU
		{F60D4A2E-4AA1-42A3-BFF8-D7066304DAB1}.Release|x86.Build.0 = Release|Any CPU
		{4CEDB847-B20F-43F4-9A50-D4E825FE4683}.Debug|Any CPU.ActiveCfg = Debug|Any CPU
		{4CEDB847-B20F-43F4-9A50-D4E825FE4683}.Debug|Any CPU.Build.0 = Debug|Any CPU
		{4CEDB847-B20F-43F4-9A50-D4E825FE4683}.Debug|x64.ActiveCfg = Debug|Any CPU
		{4CEDB847-B20F-43F4-9A50-D4E825FE4683}.Debug|x64.Build.0 = Debug|Any CPU
		{4CEDB847-B20F-43F4-9A50-D4E825FE4683}.Debug|x86.ActiveCfg = Debug|Any CPU
		{4CEDB847-B20F-43F4-9A50-D4E825FE4683}.Debug|x86.Build.0 = Debug|Any CPU
		{4CEDB847-B20F-43F4-9A50-D4E825FE4683}.Release|Any CPU.ActiveCfg = Release|Any CPU
		{4CEDB847-B20F-43F4-9A50-D4E825FE4683}.Release|Any CPU.Build.0 = Release|Any CPU
		{4CEDB847-B20F-43F4-9A50-D4E825FE4683}.Release|x64.ActiveCfg = Release|Any CPU
		{4CEDB847-B20F-43F4-9A50-D4E825FE4683}.Release|x64.Build.0 = Release|Any CPU
		{4CEDB847-B20F-43F4-9A50-D4E825FE4683}.Release|x86.ActiveCfg = Release|Any CPU
		{4CEDB847-B20F-43F4-9A50-D4E825FE4683}.Release|x86.Build.0 = Release|Any CPU
		{0E290266-F983-4472-BCEB-B063D41243FC}.Debug|Any CPU.ActiveCfg = Debug|Any CPU
		{0E290266-F983-4472-BCEB-B063D41243FC}.Debug|Any CPU.Build.0 = Debug|Any CPU
		{0E290266-F983-4472-BCEB-B063D41243FC}.Debug|x64.ActiveCfg = Debug|Any CPU
		{0E290266-F983-4472-BCEB-B063D41243FC}.Debug|x64.Build.0 = Debug|Any CPU
		{0E290266-F983-4472-BCEB-B063D41243FC}.Debug|x86.ActiveCfg = Debug|Any CPU
		{0E290266-F983-4472-BCEB-B063D41243FC}.Debug|x86.Build.0 = Debug|Any CPU
		{0E290266-F983-4472-BCEB-B063D41243FC}.Release|Any CPU.ActiveCfg = Release|Any CPU
		{0E290266-F983-4472-BCEB-B063D41243FC}.Release|Any CPU.Build.0 = Release|Any CPU
		{0E290266-F983-4472-BCEB-B063D41243FC}.Release|x64.ActiveCfg = Release|Any CPU
		{0E290266-F983-4472-BCEB-B063D41243FC}.Release|x64.Build.0 = Release|Any CPU
		{0E290266-F983-4472-BCEB-B063D41243FC}.Release|x86.ActiveCfg = Release|Any CPU
		{0E290266-F983-4472-BCEB-B063D41243FC}.Release|x86.Build.0 = Release|Any CPU
		{9CBECA24-B01E-4178-A0EE-C60B282E2E00}.Debug|Any CPU.ActiveCfg = Debug|Any CPU
		{9CBECA24-B01E-4178-A0EE-C60B282E2E00}.Debug|Any CPU.Build.0 = Debug|Any CPU
		{9CBECA24-B01E-4178-A0EE-C60B282E2E00}.Debug|x64.ActiveCfg = Debug|Any CPU
		{9CBECA24-B01E-4178-A0EE-C60B282E2E00}.Debug|x64.Build.0 = Debug|Any CPU
		{9CBECA24-B01E-4178-A0EE-C60B282E2E00}.Debug|x86.ActiveCfg = Debug|Any CPU
		{9CBECA24-B01E-4178-A0EE-C60B282E2E00}.Debug|x86.Build.0 = Debug|Any CPU
		{9CBECA24-B01E-4178-A0EE-C60B282E2E00}.Release|Any CPU.ActiveCfg = Release|Any CPU
		{9CBECA24-B01E-4178-A0EE-C60B282E2E00}.Release|Any CPU.Build.0 = Release|Any CPU
		{9CBECA24-B01E-4178-A0EE-C60B282E2E00}.Release|x64.ActiveCfg = Release|Any CPU
		{9CBECA24-B01E-4178-A0EE-C60B282E2E00}.Release|x64.Build.0 = Release|Any CPU
		{9CBECA24-B01E-4178-A0EE-C60B282E2E00}.Release|x86.ActiveCfg = Release|Any CPU
		{9CBECA24-B01E-4178-A0EE-C60B282E2E00}.Release|x86.Build.0 = Release|Any CPU
		{2792C38A-C537-45D6-BA16-8AACE82BFD0C}.Debug|Any CPU.ActiveCfg = Debug|Any CPU
		{2792C38A-C537-45D6-BA16-8AACE82BFD0C}.Debug|Any CPU.Build.0 = Debug|Any CPU
		{2792C38A-C537-45D6-BA16-8AACE82BFD0C}.Debug|x64.ActiveCfg = Debug|Any CPU
		{2792C38A-C537-45D6-BA16-8AACE82BFD0C}.Debug|x64.Build.0 = Debug|Any CPU
		{2792C38A-C537-45D6-BA16-8AACE82BFD0C}.Debug|x86.ActiveCfg = Debug|Any CPU
		{2792C38A-C537-45D6-BA16-8AACE82BFD0C}.Debug|x86.Build.0 = Debug|Any CPU
		{2792C38A-C537-45D6-BA16-8AACE82BFD0C}.Release|Any CPU.ActiveCfg = Release|Any CPU
		{2792C38A-C537-45D6-BA16-8AACE82BFD0C}.Release|Any CPU.Build.0 = Release|Any CPU
		{2792C38A-C537-45D6-BA16-8AACE82BFD0C}.Release|x64.ActiveCfg = Release|Any CPU
		{2792C38A-C537-45D6-BA16-8AACE82BFD0C}.Release|x64.Build.0 = Release|Any CPU
		{2792C38A-C537-45D6-BA16-8AACE82BFD0C}.Release|x86.ActiveCfg = Release|Any CPU
		{2792C38A-C537-45D6-BA16-8AACE82BFD0C}.Release|x86.Build.0 = Release|Any CPU
		{039A6FDA-B117-4492-B8F5-D3CC6627AC8D}.Debug|Any CPU.ActiveCfg = Debug|Any CPU
		{039A6FDA-B117-4492-B8F5-D3CC6627AC8D}.Debug|Any CPU.Build.0 = Debug|Any CPU
		{039A6FDA-B117-4492-B8F5-D3CC6627AC8D}.Debug|x64.ActiveCfg = Debug|Any CPU
		{039A6FDA-B117-4492-B8F5-D3CC6627AC8D}.Debug|x64.Build.0 = Debug|Any CPU
		{039A6FDA-B117-4492-B8F5-D3CC6627AC8D}.Debug|x86.ActiveCfg = Debug|Any CPU
		{039A6FDA-B117-4492-B8F5-D3CC6627AC8D}.Debug|x86.Build.0 = Debug|Any CPU
		{039A6FDA-B117-4492-B8F5-D3CC6627AC8D}.Release|Any CPU.ActiveCfg = Release|Any CPU
		{039A6FDA-B117-4492-B8F5-D3CC6627AC8D}.Release|Any CPU.Build.0 = Release|Any CPU
		{039A6FDA-B117-4492-B8F5-D3CC6627AC8D}.Release|x64.ActiveCfg = Release|Any CPU
		{039A6FDA-B117-4492-B8F5-D3CC6627AC8D}.Release|x64.Build.0 = Release|Any CPU
		{039A6FDA-B117-4492-B8F5-D3CC6627AC8D}.Release|x86.ActiveCfg = Release|Any CPU
		{039A6FDA-B117-4492-B8F5-D3CC6627AC8D}.Release|x86.Build.0 = Release|Any CPU
		{9D8947B0-0641-4954-A9BE-C4C005B8A74F}.Debug|Any CPU.ActiveCfg = Debug|Any CPU
		{9D8947B0-0641-4954-A9BE-C4C005B8A74F}.Debug|Any CPU.Build.0 = Debug|Any CPU
		{9D8947B0-0641-4954-A9BE-C4C005B8A74F}.Debug|x64.ActiveCfg = Debug|Any CPU
		{9D8947B0-0641-4954-A9BE-C4C005B8A74F}.Debug|x64.Build.0 = Debug|Any CPU
		{9D8947B0-0641-4954-A9BE-C4C005B8A74F}.Debug|x86.ActiveCfg = Debug|Any CPU
		{9D8947B0-0641-4954-A9BE-C4C005B8A74F}.Debug|x86.Build.0 = Debug|Any CPU
		{9D8947B0-0641-4954-A9BE-C4C005B8A74F}.Release|Any CPU.ActiveCfg = Release|Any CPU
		{9D8947B0-0641-4954-A9BE-C4C005B8A74F}.Release|Any CPU.Build.0 = Release|Any CPU
		{9D8947B0-0641-4954-A9BE-C4C005B8A74F}.Release|x64.ActiveCfg = Release|Any CPU
		{9D8947B0-0641-4954-A9BE-C4C005B8A74F}.Release|x64.Build.0 = Release|Any CPU
		{9D8947B0-0641-4954-A9BE-C4C005B8A74F}.Release|x86.ActiveCfg = Release|Any CPU
		{9D8947B0-0641-4954-A9BE-C4C005B8A74F}.Release|x86.Build.0 = Release|Any CPU
	EndGlobalSection
	GlobalSection(SolutionProperties) = preSolution
		HideSolutionNode = FALSE
	EndGlobalSection
	GlobalSection(NestedProjects) = preSolution
		{9B487CCA-E00D-4875-8198-1B67E4F60EAF} = {827E0CD3-B72D-47B6-A68D-7590B98EB39B}
		{F60D4A2E-4AA1-42A3-BFF8-D7066304DAB1} = {827E0CD3-B72D-47B6-A68D-7590B98EB39B}
		{4CEDB847-B20F-43F4-9A50-D4E825FE4683} = {07C2787E-EAC7-C090-1BA3-A61EC2A24D84}
		{0E290266-F983-4472-BCEB-B063D41243FC} = {0AB3BF05-4346-4AA6-1389-037BE0695223}
		{9CBECA24-B01E-4178-A0EE-C60B282E2E00} = {0AB3BF05-4346-4AA6-1389-037BE0695223}
		{2792C38A-C537-45D6-BA16-8AACE82BFD0C} = {5D20AA90-6969-D8BD-9DCD-8634F4692FDA}
		{039A6FDA-B117-4492-B8F5-D3CC6627AC8D} = {5D20AA90-6969-D8BD-9DCD-8634F4692FDA}
		{9D8947B0-0641-4954-A9BE-C4C005B8A74F} = {5D20AA90-6969-D8BD-9DCD-8634F4692FDA}
	EndGlobalSection
EndGlobal
